{
  "originHash" : "08eb0fbd507813020ede5f2cb34342480bd4130afadcd5f0388590b5084d9ba1",
  "pins" : [
    {
      "identity" : "ds-swift-sdk",
      "kind" : "remoteSourceControl",
      "location" : "https://github.com/all2prosperity/ds-swift-sdk.git",
      "state" : {
        "revision" : "4e50109ffb0663aa18b4c2225529bf64070d8adb",
        "version" : "0.1.0"
      }
    },
    {
      "identity" : "pibo-chess-sdk",
      "kind" : "remoteSourceControl",
      "location" : "https://github.com/PiboWorld/pibo-chess-sdk.git",
      "state" : {
        "revision" : "3ee0cc904c0ae3297d6a4d0dd6b99cc5b1348d54",
        "version" : "0.1.1"
      }
    },
    {
      "identity" : "pibo-core",
      "kind" : "remoteSourceControl",
      "location" : "git@github.com:PiboWorld/pibo-core.git",
      "state" : {
        "revision" : "763182f6c9f62abac82f80ca31a30fcd4c69633e",
        "version" : "0.6.1"
      }
    }
  ],
  "version" : 3
}
