// !$*UTF8*$!
{
	archiveVersion = 1;
	classes = {
	};
	objectVersion = 77;
	objects = {

/* Begin PBXBuildFile section */
		A7DA5EEC2FD0000100000001 /* DataSneaker in Frameworks */ = {isa = PBXBuildFile; productRef = A7DA5EEC2FD0000100000002 /* DataSneaker */; };
		A7F3FD592F9B1F0200EA90A6 /* Pibo Watch App.app in Embed Watch Content */ = {isa = PBXBuildFile; fileRef = A7F3FD582F9B1F0200EA90A6 /* Pibo Watch App.app */; settings = {ATTRIBUTES = (RemoveHeadersOnCopy, ); }; };
		A7F5C52B2FC8832A0050C48C /* WidgetKit.framework in Frameworks */ = {isa = PBXBuildFile; fileRef = A7F5C52A2FC8832A0050C48C /* WidgetKit.framework */; };
		A7F5C52D2FC8832A0050C48C /* SwiftUI.framework in Frameworks */ = {isa = PBXBuildFile; fileRef = A7F5C52C2FC8832A0050C48C /* SwiftUI.framework */; };
		A7F5C53E2FC8832B0050C48C /* PiboWidgetsExtension.appex in Embed Foundation Extensions */ = {isa = PBXBuildFile; fileRef = A7F5C5282FC8832A0050C48C /* PiboWidgetsExtension.appex */; settings = {ATTRIBUTES = (RemoveHeadersOnCopy, ); }; };
		B1C000000000000000000001 /* PiboChessUI in Frameworks */ = {isa = PBXBuildFile; productRef = B1C000000000000000000002 /* PiboChessUI */; };
		D0C000000000000000000001 /* PiboCore in Frameworks */ = {isa = PBXBuildFile; productRef = D0C000000000000000000002 /* PiboCore */; };
/* End PBXBuildFile section */

/* Begin PBXContainerItemProxy section */
		A749885F3003C9EE007F50E7 /* PBXContainerItemProxy */ = {
			isa = PBXContainerItemProxy;
			containerPortal = A7F3FD432F9B1F0100EA90A6 /* Project object */;
			proxyType = 1;
			remoteGlobalIDString = A7F3FD4A2F9B1F0100EA90A6;
			remoteInfo = Pibo;
		};
		A7F3FD5A2F9B1F0200EA90A6 /* PBXContainerItemProxy */ = {
			isa = PBXContainerItemProxy;
			containerPortal = A7F3FD432F9B1F0100EA90A6 /* Project object */;
			proxyType = 1;
			remoteGlobalIDString = A7F3FD572F9B1F0200EA90A6;
			remoteInfo = "Pibo Watch App";
		};
		A7F5C53C2FC8832B0050C48C /* PBXContainerItemProxy */ = {
			isa = PBXContainerItemProxy;
			containerPortal = A7F3FD432F9B1F0100EA90A6 /* Project object */;
			proxyType = 1;
			remoteGlobalIDString = A7F5C5272FC8832A0050C48C;
			remoteInfo = PiboWidgetsExtension;
		};
/* End PBXContainerItemProxy section */

/* Begin PBXCopyFilesBuildPhase section */
		A7F3FD682F9B1F0300EA90A6 /* Embed Watch Content */ = {
			isa = PBXCopyFilesBuildPhase;
			buildActionMask = 2147483647;
			dstPath = "$(CONTENTS_FOLDER_PATH)/Watch";
			dstSubfolderSpec = 16;
			files = (
				A7F3FD592F9B1F0200EA90A6 /* Pibo Watch App.app in Embed Watch Content */,
			);
			name = "Embed Watch Content";
			runOnlyForDeploymentPostprocessing = 0;
		};
		A7F5C53F2FC8832B0050C48C /* Embed Foundation Extensions */ = {
			isa = PBXCopyFilesBuildPhase;
			buildActionMask = 2147483647;
			dstPath = "";
			dstSubfolderSpec = 13;
			files = (
				A7F5C53E2FC8832B0050C48C /* PiboWidgetsExtension.appex in Embed Foundation Extensions */,
			);
			name = "Embed Foundation Extensions";
			runOnlyForDeploymentPostprocessing = 0;
		};
/* End PBXCopyFilesBuildPhase section */

/* Begin PBXFileReference section */
		A7F3FD4B2F9B1F0100EA90A6 /* Pibo.app */ = {isa = PBXFileReference; explicitFileType = wrapper.application; includeInIndex = 0; path = Pibo.app; sourceTree = BUILT_PRODUCTS_DIR; };
		A7F3FD582F9B1F0200EA90A6 /* Pibo Watch App.app */ = {isa = PBXFileReference; explicitFileType = wrapper.application; includeInIndex = 0; path = "Pibo Watch App.app"; sourceTree = BUILT_PRODUCTS_DIR; };
		A7F5C5282FC8832A0050C48C /* PiboWidgetsExtension.appex */ = {isa = PBXFileReference; explicitFileType = "wrapper.app-extension"; includeInIndex = 0; path = PiboWidgetsExtension.appex; sourceTree = BUILT_PRODUCTS_DIR; };
		A7F5C52A2FC8832A0050C48C /* WidgetKit.framework */ = {isa = PBXFileReference; lastKnownFileType = wrapper.framework; name = WidgetKit.framework; path = System/Library/Frameworks/WidgetKit.framework; sourceTree = SDKROOT; };
		A7F5C52C2FC8832A0050C48C /* SwiftUI.framework */ = {isa = PBXFileReference; lastKnownFileType = wrapper.framework; name = SwiftUI.framework; path = System/Library/Frameworks/SwiftUI.framework; sourceTree = SDKROOT; };
		C0D100000000000000000002 /* PiboTests.xctest */ = {isa = PBXFileReference; explicitFileType = wrapper.cfbundle; includeInIndex = 0; path = PiboTests.xctest; sourceTree = BUILT_PRODUCTS_DIR; };
/* End PBXFileReference section */

/* Begin PBXFileSystemSynchronizedBuildFileExceptionSet section */
		A7F5C5422FC8832B0050C48C /* Exceptions for "PiboWidgets" folder in "PiboWidgetsExtension" target */ = {
			isa = PBXFileSystemSynchronizedBuildFileExceptionSet;
			membershipExceptions = (
				Info.plist,
			);
			target = A7F5C5272FC8832A0050C48C /* PiboWidgetsExtension */;
		};
/* End PBXFileSystemSynchronizedBuildFileExceptionSet section */

/* Begin PBXFileSystemSynchronizedRootGroup section */
		A7F3FD4D2F9B1F0100EA90A6 /* Pibo */ = {
			isa = PBXFileSystemSynchronizedRootGroup;
			path = Pibo;
			sourceTree = "<group>";
		};
		A7F3FD5C2F9B1F0200EA90A6 /* Pibo Watch App */ = {
			isa = PBXFileSystemSynchronizedRootGroup;
			path = "Pibo Watch App";
			sourceTree = "<group>";
		};
		A7F3FDAA2F9B1F0200EA90A6 /* Shared */ = {
			isa = PBXFileSystemSynchronizedRootGroup;
			path = Shared;
			sourceTree = "<group>";
		};
		A7F5C52E2FC8832A0050C48C /* PiboWidgets */ = {
			isa = PBXFileSystemSynchronizedRootGroup;
			exceptions = (
				A7F5C5422FC8832B0050C48C /* Exceptions for "PiboWidgets" folder in "PiboWidgetsExtension" target */,
			);
			path = PiboWidgets;
			sourceTree = "<group>";
		};
		C0D100000000000000000003 /* PiboTests */ = {
			isa = PBXFileSystemSynchronizedRootGroup;
			path = PiboTests;
			sourceTree = "<group>";
		};
/* End PBXFileSystemSynchronizedRootGroup section */

/* Begin PBXFrameworksBuildPhase section */
		A7F3FD482F9B1F0100EA90A6 /* Frameworks */ = {
			isa = PBXFrameworksBuildPhase;
			buildActionMask = 2147483647;
			files = (
				A7DA5EEC2FD0000100000001 /* DataSneaker in Frameworks */,
				B1C000000000000000000001 /* PiboChessUI in Frameworks */,
				D0C000000000000000000001 /* PiboCore in Frameworks */,
			);
			runOnlyForDeploymentPostprocessing = 0;
		};
		A7F3FD552F9B1F0200EA90A6 /* Frameworks */ = {
			isa = PBXFrameworksBuildPhase;
			buildActionMask = 2147483647;
			files = (
			);
			runOnlyForDeploymentPostprocessing = 0;
		};
		A7F5C5252FC8832A0050C48C /* Frameworks */ = {
			isa = PBXFrameworksBuildPhase;
			buildActionMask = 2147483647;
			files = (
				A7F5C52D2FC8832A0050C48C /* SwiftUI.framework in Frameworks */,
				A7F5C52B2FC8832A0050C48C /* WidgetKit.framework in Frameworks */,
			);
			runOnlyForDeploymentPostprocessing = 0;
		};
		C0D100000000000000000005 /* Frameworks */ = {
			isa = PBXFrameworksBuildPhase;
			buildActionMask = 2147483647;
			files = (
			);
			runOnlyForDeploymentPostprocessing = 0;
		};
/* End PBXFrameworksBuildPhase section */

/* Begin PBXGroup section */
		A7F3FD422F9B1F0100EA90A6 = {
			isa = PBXGroup;
			children = (
				A7F3FD4D2F9B1F0100EA90A6 /* Pibo */,
				C0D100000000000000000003 /* PiboTests */,
				A7F3FD5C2F9B1F0200EA90A6 /* Pibo Watch App */,
				A7F3FDAA2F9B1F0200EA90A6 /* Shared */,
				A7F5C52E2FC8832A0050C48C /* PiboWidgets */,
				A7F5C5292FC8832A0050C48C /* Frameworks */,
				A7F3FD4C2F9B1F0100EA90A6 /* Products */,
			);
			sourceTree = "<group>";
		};
		A7F3FD4C2F9B1F0100EA90A6 /* Products */ = {
			isa = PBXGroup;
			children = (
				A7F3FD4B2F9B1F0100EA90A6 /* Pibo.app */,
				A7F3FD582F9B1F0200EA90A6 /* Pibo Watch App.app */,
				A7F5C5282FC8832A0050C48C /* PiboWidgetsExtension.appex */,
				C0D100000000000000000002 /* PiboTests.xctest */,
			);
			name = Products;
			sourceTree = "<group>";
		};
		A7F5C5292FC8832A0050C48C /* Frameworks */ = {
			isa = PBXGroup;
			children = (
				A7F5C52A2FC8832A0050C48C /* WidgetKit.framework */,
				A7F5C52C2FC8832A0050C48C /* SwiftUI.framework */,
			);
			name = Frameworks;
			sourceTree = "<group>";
		};
/* End PBXGroup section */

/* Begin PBXNativeTarget section */
		A7F3FD4A2F9B1F0100EA90A6 /* Pibo */ = {
			isa = PBXNativeTarget;
			buildConfigurationList = A7F3FD692F9B1F0300EA90A6 /* Build configuration list for PBXNativeTarget "Pibo" */;
			buildPhases = (
				A7F3FD472F9B1F0100EA90A6 /* Sources */,
				A7F3FD482F9B1F0100EA90A6 /* Frameworks */,
				A7F3FD492F9B1F0100EA90A6 /* Resources */,
				A7F3FD682F9B1F0300EA90A6 /* Embed Watch Content */,
				A7F5C53F2FC8832B0050C48C /* Embed Foundation Extensions */,
			);
			buildRules = (
			);
			dependencies = (
				A7F3FD5B2F9B1F0200EA90A6 /* PBXTargetDependency */,
				A7F5C53D2FC8832B0050C48C /* PBXTargetDependency */,
			);
			fileSystemSynchronizedGroups = (
				A7F3FD4D2F9B1F0100EA90A6 /* Pibo */,
				A7F3FDAA2F9B1F0200EA90A6 /* Shared */,
			);
			name = Pibo;
			packageProductDependencies = (
				A7DA5EEC2FD0000100000002 /* DataSneaker */,
				B1C000000000000000000002 /* PiboChessUI */,
				D0C000000000000000000002 /* PiboCore */,
			);
			productName = Pibo;
			productReference = A7F3FD4B2F9B1F0100EA90A6 /* Pibo.app */;
			productType = "com.apple.product-type.application";
		};
		A7F3FD572F9B1F0200EA90A6 /* Pibo Watch App */ = {
			isa = PBXNativeTarget;
			buildConfigurationList = A7F3FD652F9B1F0300EA90A6 /* Build configuration list for PBXNativeTarget "Pibo Watch App" */;
			buildPhases = (
				A7F3FD542F9B1F0200EA90A6 /* Sources */,
				A7F3FD552F9B1F0200EA90A6 /* Frameworks */,
				A7F3FD562F9B1F0200EA90A6 /* Resources */,
			);
			buildRules = (
			);
			dependencies = (
			);
			fileSystemSynchronizedGroups = (
				A7F3FD5C2F9B1F0200EA90A6 /* Pibo Watch App */,
				A7F3FDAA2F9B1F0200EA90A6 /* Shared */,
			);
			name = "Pibo Watch App";
			packageProductDependencies = (
			);
			productName = "Pibo Watch App";
			productReference = A7F3FD582F9B1F0200EA90A6 /* Pibo Watch App.app */;
			productType = "com.apple.product-type.application";
		};
		A7F5C5272FC8832A0050C48C /* PiboWidgetsExtension */ = {
			isa = PBXNativeTarget;
			buildConfigurationList = A7F5C5432FC8832B0050C48C /* Build configuration list for PBXNativeTarget "PiboWidgetsExtension" */;
			buildPhases = (
				A7F5C5242FC8832A0050C48C /* Sources */,
				A7F5C5252FC8832A0050C48C /* Frameworks */,
				A7F5C5262FC8832A0050C48C /* Resources */,
			);
			buildRules = (
			);
			dependencies = (
			);
			fileSystemSynchronizedGroups = (
				A7F3FDAA2F9B1F0200EA90A6 /* Shared */,
				A7F5C52E2FC8832A0050C48C /* PiboWidgets */,
			);
			name = PiboWidgetsExtension;
			packageProductDependencies = (
			);
			productName = PiboWidgetsExtension;
			productReference = A7F5C5282FC8832A0050C48C /* PiboWidgetsExtension.appex */;
			productType = "com.apple.product-type.app-extension";
		};
		C0D100000000000000000001 /* PiboTests */ = {
			isa = PBXNativeTarget;
			buildConfigurationList = C0D100000000000000000009 /* Build configuration list for PBXNativeTarget "PiboTests" */;
			buildPhases = (
				C0D100000000000000000004 /* Sources */,
				C0D100000000000000000005 /* Frameworks */,
				C0D100000000000000000006 /* Resources */,
			);
			buildRules = (
			);
			dependencies = (
				C0D10000000000000000000B /* PBXTargetDependency */,
			);
			fileSystemSynchronizedGroups = (
				C0D100000000000000000003 /* PiboTests */,
			);
			name = PiboTests;
			packageProductDependencies = (
			);
			productName = PiboTests;
			productReference = C0D100000000000000000002 /* PiboTests.xctest */;
			productType = "com.apple.product-type.bundle.unit-test";
		};
/* End PBXNativeTarget section */

/* Begin PBXProject section */
		A7F3FD432F9B1F0100EA90A6 /* Project object */ = {
			isa = PBXProject;
			attributes = {
				BuildIndependentTargetsInParallel = 1;
				KnownAssetTags = (
					New,
				);
				LastSwiftUpdateCheck = 2650;
				LastUpgradeCheck = 2620;
				TargetAttributes = {
					A7F3FD4A2F9B1F0100EA90A6 = {
						CreatedOnToolsVersion = 26.2;
					};
					A7F3FD572F9B1F0200EA90A6 = {
						CreatedOnToolsVersion = 26.2;
					};
					A7F5C5272FC8832A0050C48C = {
						CreatedOnToolsVersion = 26.5;
					};
					C0D100000000000000000001 = {
						CreatedOnToolsVersion = 26.5;
						TestTargetID = A7F3FD4A2F9B1F0100EA90A6;
					};
				};
			};
			buildConfigurationList = A7F3FD462F9B1F0100EA90A6 /* Build configuration list for PBXProject "Pibo" */;
			developmentRegion = "zh-Hans";
			hasScannedForEncodings = 0;
			knownRegions = (
				en,
				"zh-Hans",
			);
			mainGroup = A7F3FD422F9B1F0100EA90A6;
			minimizedProjectReferenceProxies = 1;
			packageReferences = (
				A7DA5EEC2FD0000100000003 /* XCRemoteSwiftPackageReference "ds-swift-sdk" */,
				B1C000000000000000000003 /* XCRemoteSwiftPackageReference "pibo-chess-sdk" */,
				D0C000000000000000000003 /* XCRemoteSwiftPackageReference "pibo-core" */,
			);
			preferredProjectObjectVersion = 77;
			productRefGroup = A7F3FD4C2F9B1F0100EA90A6 /* Products */;
			projectDirPath = "";
			projectRoot = "";
			targets = (
				A7F3FD4A2F9B1F0100EA90A6 /* Pibo */,
				C0D100000000000000000001 /* PiboTests */,
				A7F3FD572F9B1F0200EA90A6 /* Pibo Watch App */,
				A7F5C5272FC8832A0050C48C /* PiboWidgetsExtension */,
			);
		};
/* End PBXProject section */

/* Begin PBXResourcesBuildPhase section */
		A7F3FD492F9B1F0100EA90A6 /* Resources */ = {
			isa = PBXResourcesBuildPhase;
			buildActionMask = 2147483647;
			files = (
			);
			runOnlyForDeploymentPostprocessing = 0;
		};
		A7F3FD562F9B1F0200EA90A6 /* Resources */ = {
			isa = PBXResourcesBuildPhase;
			buildActionMask = 2147483647;
			files = (
			);
			runOnlyForDeploymentPostprocessing = 0;
		};
		A7F5C5262FC8832A0050C48C /* Resources */ = {
			isa = PBXResourcesBuildPhase;
			buildActionMask = 2147483647;
			files = (
			);
			runOnlyForDeploymentPostprocessing = 0;
		};
		C0D100000000000000000006 /* Resources */ = {
			isa = PBXResourcesBuildPhase;
			buildActionMask = 2147483647;
			files = (
			);
			runOnlyForDeploymentPostprocessing = 0;
		};
/* End PBXResourcesBuildPhase section */

/* Begin PBXSourcesBuildPhase section */
		A7F3FD472F9B1F0100EA90A6 /* Sources */ = {
			isa = PBXSourcesBuildPhase;
			buildActionMask = 2147483647;
			files = (
			);
			runOnlyForDeploymentPostprocessing = 0;
		};
		A7F3FD542F9B1F0200EA90A6 /* Sources */ = {
			isa = PBXSourcesBuildPhase;
			buildActionMask = 2147483647;
			files = (
			);
			runOnlyForDeploymentPostprocessing = 0;
		};
		A7F5C5242FC8832A0050C48C /* Sources */ = {
			isa = PBXSourcesBuildPhase;
			buildActionMask = 2147483647;
			files = (
			);
			runOnlyForDeploymentPostprocessing = 0;
		};
		C0D100000000000000000004 /* Sources */ = {
			isa = PBXSourcesBuildPhase;
			buildActionMask = 2147483647;
			files = (
			);
			runOnlyForDeploymentPostprocessing = 0;
		};
/* End PBXSourcesBuildPhase section */

/* Begin PBXTargetDependency section */
		A7F3FD5B2F9B1F0200EA90A6 /* PBXTargetDependency */ = {
			isa = PBXTargetDependency;
			target = A7F3FD572F9B1F0200EA90A6 /* Pibo Watch App */;
			targetProxy = A7F3FD5A2F9B1F0200EA90A6 /* PBXContainerItemProxy */;
		};
		A7F5C53D2FC8832B0050C48C /* PBXTargetDependency */ = {
			isa = PBXTargetDependency;
			target = A7F5C5272FC8832A0050C48C /* PiboWidgetsExtension */;
			targetProxy = A7F5C53C2FC8832B0050C48C /* PBXContainerItemProxy */;
		};
		C0D10000000000000000000B /* PBXTargetDependency */ = {
			isa = PBXTargetDependency;
			target = A7F3FD4A2F9B1F0100EA90A6 /* Pibo */;
			targetProxy = A749885F3003C9EE007F50E7 /* PBXContainerItemProxy */;
		};
/* End PBXTargetDependency section */

/* Begin XCBuildConfiguration section */
		A7F3FD632F9B1F0300EA90A6 /* Debug */ = {
			isa = XCBuildConfiguration;
			buildSettings = {
				ALWAYS_SEARCH_USER_PATHS = NO;
				ASSETCATALOG_COMPILER_GENERATE_SWIFT_ASSET_SYMBOL_EXTENSIONS = YES;
				CLANG_ANALYZER_NONNULL = YES;
				CLANG_ANALYZER_NUMBER_OBJECT_CONVERSION = YES_AGGRESSIVE;
				CLANG_CXX_LANGUAGE_STANDARD = "gnu++20";
				CLANG_ENABLE_MODULES = YES;
				CLANG_ENABLE_OBJC_ARC = YES;
				CLANG_ENABLE_OBJC_WEAK = YES;
				CLANG_WARN_BLOCK_CAPTURE_AUTORELEASING = YES;
				CLANG_WARN_BOOL_CONVERSION = YES;
				CLANG_WARN_COMMA = YES;
				CLANG_WARN_CONSTANT_CONVERSION = YES;
				CLANG_WARN_DEPRECATED_OBJC_IMPLEMENTATIONS = YES;
				CLANG_WARN_DIRECT_OBJC_ISA_USAGE = YES_ERROR;
				CLANG_WARN_DOCUMENTATION_COMMENTS = YES;
				CLANG_WARN_EMPTY_BODY = YES;
				CLANG_WARN_ENUM_CONVERSION = YES;
				CLANG_WARN_INFINITE_RECURSION = YES;
				CLANG_WARN_INT_CONVERSION = YES;
				CLANG_WARN_NON_LITERAL_NULL_CONVERSION = YES;
				CLANG_WARN_OBJC_IMPLICIT_RETAIN_SELF = YES;
				CLANG_WARN_OBJC_LITERAL_CONVERSION = YES;
				CLANG_WARN_OBJC_ROOT_CLASS = YES_ERROR;
				CLANG_WARN_QUOTED_INCLUDE_IN_FRAMEWORK_HEADER = YES;
				CLANG_WARN_RANGE_LOOP_ANALYSIS = YES;
				CLANG_WARN_STRICT_PROTOTYPES = YES;
				CLANG_WARN_SUSPICIOUS_MOVE = YES;
				CLANG_WARN_UNGUARDED_AVAILABILITY = YES_AGGRESSIVE;
				CLANG_WARN_UNREACHABLE_CODE = YES;
				CLANG_WARN__DUPLICATE_METHOD_MATCH = YES;
				COPY_PHASE_STRIP = NO;
				DEBUG_INFORMATION_FORMAT = dwarf;
				DEVELOPMENT_TEAM = 4626WN8J3B;
				ENABLE_STRICT_OBJC_MSGSEND = YES;
				ENABLE_TESTABILITY = YES;
				ENABLE_USER_SCRIPT_SANDBOXING = YES;
				GCC_C_LANGUAGE_STANDARD = gnu17;
				GCC_DYNAMIC_NO_PIC = NO;
				GCC_NO_COMMON_BLOCKS = YES;
				GCC_OPTIMIZATION_LEVEL = 0;
				GCC_PREPROCESSOR_DEFINITIONS = (
					"DEBUG=1",
					"$(inherited)",
				);
				GCC_WARN_64_TO_32_BIT_CONVERSION = YES;
				GCC_WARN_ABOUT_RETURN_TYPE = YES_ERROR;
				GCC_WARN_UNDECLARED_SELECTOR = YES;
				GCC_WARN_UNINITIALIZED_AUTOS = YES_AGGRESSIVE;
				GCC_WARN_UNUSED_FUNCTION = YES;
				GCC_WARN_UNUSED_VARIABLE = YES;
				LOCALIZATION_PREFERS_STRING_CATALOGS = YES;
				MTL_ENABLE_DEBUG_INFO = INCLUDE_SOURCE;
				MTL_FAST_MATH = YES;
				ONLY_ACTIVE_ARCH = YES;
				SWIFT_ACTIVE_COMPILATION_CONDITIONS = "DEBUG $(inherited)";
				SWIFT_OPTIMIZATION_LEVEL = "-Onone";
			};
			name = Debug;
		};
		A7F3FD642F9B1F0300EA90A6 /* Release */ = {
			isa = XCBuildConfiguration;
			buildSettings = {
				ALWAYS_SEARCH_USER_PATHS = NO;
				ASSETCATALOG_COMPILER_GENERATE_SWIFT_ASSET_SYMBOL_EXTENSIONS = YES;
				CLANG_ANALYZER_NONNULL = YES;
				CLANG_ANALYZER_NUMBER_OBJECT_CONVERSION = YES_AGGRESSIVE;
				CLANG_CXX_LANGUAGE_STANDARD = "gnu++20";
				CLANG_ENABLE_MODULES = YES;
				CLANG_ENABLE_OBJC_ARC = YES;
				CLANG_ENABLE_OBJC_WEAK = YES;
				CLANG_WARN_BLOCK_CAPTURE_AUTORELEASING = YES;
				CLANG_WARN_BOOL_CONVERSION = YES;
				CLANG_WARN_COMMA = YES;
				CLANG_WARN_CONSTANT_CONVERSION = YES;
				CLANG_WARN_DEPRECATED_OBJC_IMPLEMENTATIONS = YES;
				CLANG_WARN_DIRECT_OBJC_ISA_USAGE = YES_ERROR;
				CLANG_WARN_DOCUMENTATION_COMMENTS = YES;
				CLANG_WARN_EMPTY_BODY = YES;
				CLANG_WARN_ENUM_CONVERSION = YES;
				CLANG_WARN_INFINITE_RECURSION = YES;
				CLANG_WARN_INT_CONVERSION = YES;
				CLANG_WARN_NON_LITERAL_NULL_CONVERSION = YES;
				CLANG_WARN_OBJC_IMPLICIT_RETAIN_SELF = YES;
				CLANG_WARN_OBJC_LITERAL_CONVERSION = YES;
				CLANG_WARN_OBJC_ROOT_CLASS = YES_ERROR;
				CLANG_WARN_QUOTED_INCLUDE_IN_FRAMEWORK_HEADER = YES;
				CLANG_WARN_RANGE_LOOP_ANALYSIS = YES;
				CLANG_WARN_STRICT_PROTOTYPES = YES;
				CLANG_WARN_SUSPICIOUS_MOVE = YES;
				CLANG_WARN_UNGUARDED_AVAILABILITY = YES_AGGRESSIVE;
				CLANG_WARN_UNREACHABLE_CODE = YES;
				CLANG_WARN__DUPLICATE_METHOD_MATCH = YES;
				COPY_PHASE_STRIP = NO;
				DEBUG_INFORMATION_FORMAT = "dwarf-with-dsym";
				DEVELOPMENT_TEAM = 4626WN8J3B;
				ENABLE_NS_ASSERTIONS = NO;
				ENABLE_STRICT_OBJC_MSGSEND = YES;
				ENABLE_USER_SCRIPT_SANDBOXING = YES;
				GCC_C_LANGUAGE_STANDARD = gnu17;
				GCC_NO_COMMON_BLOCKS = YES;
				GCC_WARN_64_TO_32_BIT_CONVERSION = YES;
				GCC_WARN_ABOUT_RETURN_TYPE = YES_ERROR;
				GCC_WARN_UNDECLARED_SELECTOR = YES;
				GCC_WARN_UNINITIALIZED_AUTOS = YES_AGGRESSIVE;
				GCC_WARN_UNUSED_FUNCTION = YES;
				GCC_WARN_UNUSED_VARIABLE = YES;
				LOCALIZATION_PREFERS_STRING_CATALOGS = YES;
				MTL_ENABLE_DEBUG_INFO = NO;
				MTL_FAST_MATH = YES;
				SWIFT_COMPILATION_MODE = wholemodule;
			};
			name = Release;
		};
		A7F3FD662F9B1F0300EA90A6 /* Debug */ = {
			isa = XCBuildConfiguration;
			buildSettings = {
				ASSETCATALOG_COMPILER_APPICON_NAME = AppIcon;
				ASSETCATALOG_COMPILER_GLOBAL_ACCENT_COLOR_NAME = AccentColor;
				CODE_SIGN_ENTITLEMENTS = "Pibo Watch App/Supporting/Pibo_Watch_App.entitlements";
				CODE_SIGN_STYLE = Automatic;
				CURRENT_PROJECT_VERSION = 4;
				DEVELOPMENT_TEAM = XD36G5SYYU;
				ENABLE_PREVIEWS = YES;
				GENERATE_INFOPLIST_FILE = YES;
				INFOPLIST_FILE = "Pibo-Watch-App-Info.plist";
				INFOPLIST_KEY_CFBundleDisplayName = Pibo;
				INFOPLIST_KEY_NSHealthShareUsageDescription = "Pibo reads your heart rate, SpO₂, and heart-rate variability to reflect them in your digital pet.";
				INFOPLIST_KEY_NSHealthUpdateUsageDescription = "Pibo uses workout sessions to keep sensors active during recording.";
				INFOPLIST_KEY_NSMotionUsageDescription = "Pibo uses wrist motion to estimate breathing rhythm and check training posture during heart-breath coupling sessions.";
				INFOPLIST_KEY_UISupportedInterfaceOrientations = "UIInterfaceOrientationPortrait UIInterfaceOrientationPortraitUpsideDown";
				INFOPLIST_KEY_WKBackgroundModes = "workout-processing";
				INFOPLIST_KEY_WKCompanionAppBundleIdentifier = com.piboworld.app.iPibo;
				LD_RUNPATH_SEARCH_PATHS = (
					"$(inherited)",
					"@executable_path/Frameworks",
				);
				MARKETING_VERSION = 1.0;
				PRODUCT_BUNDLE_IDENTIFIER = com.piboworld.app.iPibo.watchkitapp;
				PRODUCT_NAME = "$(TARGET_NAME)";
				SDKROOT = watchos;
				SKIP_INSTALL = YES;
				STRING_CATALOG_GENERATE_SYMBOLS = YES;
				SWIFT_APPROACHABLE_CONCURRENCY = YES;
				SWIFT_DEFAULT_ACTOR_ISOLATION = MainActor;
				SWIFT_EMIT_LOC_STRINGS = YES;
				SWIFT_UPCOMING_FEATURE_MEMBER_IMPORT_VISIBILITY = YES;
				SWIFT_VERSION = 5.0;
				TARGETED_DEVICE_FAMILY = 4;
				WATCHOS_DEPLOYMENT_TARGET = 26.2;
			};
			name = Debug;
		};
		A7F3FD672F9B1F0300EA90A6 /* Release */ = {
			isa = XCBuildConfiguration;
			buildSettings = {
				ASSETCATALOG_COMPILER_APPICON_NAME = AppIcon;
				ASSETCATALOG_COMPILER_GLOBAL_ACCENT_COLOR_NAME = AccentColor;
				CODE_SIGN_ENTITLEMENTS = "Pibo Watch App/Supporting/Pibo_Watch_App.entitlements";
				CODE_SIGN_STYLE = Automatic;
				CURRENT_PROJECT_VERSION = 4;
				DEVELOPMENT_TEAM = XD36G5SYYU;
				ENABLE_PREVIEWS = YES;
				GENERATE_INFOPLIST_FILE = YES;
				INFOPLIST_FILE = "Pibo-Watch-App-Info.plist";
				INFOPLIST_KEY_CFBundleDisplayName = Pibo;
				INFOPLIST_KEY_NSHealthShareUsageDescription = "Pibo reads your heart rate, SpO₂, and heart-rate variability to reflect them in your digital pet.";
				INFOPLIST_KEY_NSHealthUpdateUsageDescription = "Pibo uses workout sessions to keep sensors active during recording.";
				INFOPLIST_KEY_NSMotionUsageDescription = "Pibo uses wrist motion to estimate breathing rhythm and check training posture during heart-breath coupling sessions.";
				INFOPLIST_KEY_UISupportedInterfaceOrientations = "UIInterfaceOrientationPortrait UIInterfaceOrientationPortraitUpsideDown";
				INFOPLIST_KEY_WKBackgroundModes = "workout-processing";
				INFOPLIST_KEY_WKCompanionAppBundleIdentifier = com.piboworld.app.iPibo;
				LD_RUNPATH_SEARCH_PATHS = (
					"$(inherited)",
					"@executable_path/Frameworks",
				);
				MARKETING_VERSION = 1.0;
				PRODUCT_BUNDLE_IDENTIFIER = com.piboworld.app.iPibo.watchkitapp;
				PRODUCT_NAME = "$(TARGET_NAME)";
				SDKROOT = watchos;
				SKIP_INSTALL = YES;
				STRING_CATALOG_GENERATE_SYMBOLS = YES;
				SWIFT_APPROACHABLE_CONCURRENCY = YES;
				SWIFT_DEFAULT_ACTOR_ISOLATION = MainActor;
				SWIFT_EMIT_LOC_STRINGS = YES;
				SWIFT_UPCOMING_FEATURE_MEMBER_IMPORT_VISIBILITY = YES;
				SWIFT_VERSION = 5.0;
				TARGETED_DEVICE_FAMILY = 4;
				VALIDATE_PRODUCT = YES;
				WATCHOS_DEPLOYMENT_TARGET = 26.2;
			};
			name = Release;
		};
		A7F3FD6A2F9B1F0300EA90A6 /* Debug */ = {
			isa = XCBuildConfiguration;
			buildSettings = {
				ASSETCATALOG_COMPILER_APPICON_NAME = AppIcon;
				ASSETCATALOG_COMPILER_GLOBAL_ACCENT_COLOR_NAME = AccentColor;
				CODE_SIGN_ENTITLEMENTS = Pibo/Supporting/Pibo.entitlements;
				CODE_SIGN_STYLE = Automatic;
				CURRENT_PROJECT_VERSION = 4;
				DEVELOPMENT_TEAM = XD36G5SYYU;
				ENABLE_PREVIEWS = YES;
				ENABLE_USER_SCRIPT_SANDBOXING = NO;
				GENERATE_INFOPLIST_FILE = YES;
				INFOPLIST_FILE = "Pibo-Info.plist";
				INFOPLIST_KEY_CFBundleDisplayName = Pibo;
				INFOPLIST_KEY_NSCameraUsageDescription = "Pibo 会用相机记录食物，也会在镜前接花瓣小游戏中识别你的动作。";
				INFOPLIST_KEY_NSHealthShareUsageDescription = "Pibo 读取你的步数、运动、心率与睡眠数据，把它们喂给你的像素宠物。";
				INFOPLIST_KEY_NSHealthUpdateUsageDescription = "Pibo 不会修改你已有的健康数据；只有在 Apple Watch 上完成心肺耦合呼吸训练后，才把这次训练作为一条体能训练记录写入健康 App。";
				INFOPLIST_KEY_NSLocationWhenInUseUsageDescription = "Pibo 使用大致位置获取当地天气，并在你主动记录步行时把路线画成地图涂鸦。";
				INFOPLIST_KEY_NSMicrophoneUsageDescription = "Pibo 会用麦克风确认呼唤，也会在吹散迷雾小游戏中感知长呼气。";
				INFOPLIST_KEY_NSMotionUsageDescription = "Pibo 使用手机动作来给原地踏步和摇花铃小游戏计步、计次。";
				INFOPLIST_KEY_NSSpeechRecognitionUsageDescription = "Pibo 使用语音识别确认你是否呼唤了它的名字。";
				INFOPLIST_KEY_NSSupportsLiveActivities = YES;
				INFOPLIST_KEY_UIApplicationSceneManifest_Generation = YES;
				INFOPLIST_KEY_UIApplicationSupportsIndirectInputEvents = YES;
				INFOPLIST_KEY_UILaunchScreen_Generation = YES;
				INFOPLIST_KEY_UISupportedInterfaceOrientations_iPad = "UIInterfaceOrientationPortrait UIInterfaceOrientationPortraitUpsideDown UIInterfaceOrientationLandscapeLeft UIInterfaceOrientationLandscapeRight";
				INFOPLIST_KEY_UISupportedInterfaceOrientations_iPhone = "UIInterfaceOrientationPortrait UIInterfaceOrientationLandscapeLeft UIInterfaceOrientationLandscapeRight";
				IPHONEOS_DEPLOYMENT_TARGET = 18.0;
				LD_RUNPATH_SEARCH_PATHS = (
					"$(inherited)",
					"@executable_path/Frameworks",
				);
				MARKETING_VERSION = 1.0;
				PRODUCT_BUNDLE_IDENTIFIER = com.piboworld.app.iPibo;
				PRODUCT_NAME = "$(TARGET_NAME)";
				SDKROOT = iphoneos;
				STRING_CATALOG_GENERATE_SYMBOLS = NO;
				SWIFT_APPROACHABLE_CONCURRENCY = YES;
				SWIFT_DEFAULT_ACTOR_ISOLATION = MainActor;
				SWIFT_EMIT_LOC_STRINGS = YES;
				SWIFT_UPCOMING_FEATURE_MEMBER_IMPORT_VISIBILITY = YES;
				SWIFT_VERSION = 5.0;
				TARGETED_DEVICE_FAMILY = "1,2";
			};
			name = Debug;
		};
		A7F3FD6B2F9B1F0300EA90A6 /* Release */ = {
			isa = XCBuildConfiguration;
			buildSettings = {
				ASSETCATALOG_COMPILER_APPICON_NAME = AppIcon;
				ASSETCATALOG_COMPILER_GLOBAL_ACCENT_COLOR_NAME = AccentColor;
				CODE_SIGN_ENTITLEMENTS = Pibo/Supporting/Pibo.entitlements;
				CODE_SIGN_STYLE = Automatic;
				CURRENT_PROJECT_VERSION = 4;
				DEVELOPMENT_TEAM = XD36G5SYYU;
				ENABLE_PREVIEWS = YES;
				ENABLE_USER_SCRIPT_SANDBOXING = NO;
				GENERATE_INFOPLIST_FILE = YES;
				INFOPLIST_FILE = "Pibo-Info.plist";
				INFOPLIST_KEY_CFBundleDisplayName = Pibo;
				INFOPLIST_KEY_NSCameraUsageDescription = "Pibo 会用相机记录食物，也会在镜前接花瓣小游戏中识别你的动作。";
				INFOPLIST_KEY_NSHealthShareUsageDescription = "Pibo 读取你的步数、运动、心率与睡眠数据，把它们喂给你的像素宠物。";
				INFOPLIST_KEY_NSHealthUpdateUsageDescription = "Pibo 不会修改你已有的健康数据；只有在 Apple Watch 上完成心肺耦合呼吸训练后，才把这次训练作为一条体能训练记录写入健康 App。";
				INFOPLIST_KEY_NSLocationWhenInUseUsageDescription = "Pibo 使用大致位置获取当地天气，并在你主动记录步行时把路线画成地图涂鸦。";
				INFOPLIST_KEY_NSMicrophoneUsageDescription = "Pibo 会用麦克风确认呼唤，也会在吹散迷雾小游戏中感知长呼气。";
				INFOPLIST_KEY_NSMotionUsageDescription = "Pibo 使用手机动作来给原地踏步和摇花铃小游戏计步、计次。";
				INFOPLIST_KEY_NSSpeechRecognitionUsageDescription = "Pibo 使用语音识别确认你是否呼唤了它的名字。";
				INFOPLIST_KEY_NSSupportsLiveActivities = YES;
				INFOPLIST_KEY_UIApplicationSceneManifest_Generation = YES;
				INFOPLIST_KEY_UIApplicationSupportsIndirectInputEvents = YES;
				INFOPLIST_KEY_UILaunchScreen_Generation = YES;
				INFOPLIST_KEY_UISupportedInterfaceOrientations_iPad = "UIInterfaceOrientationPortrait UIInterfaceOrientationPortraitUpsideDown UIInterfaceOrientationLandscapeLeft UIInterfaceOrientationLandscapeRight";
				INFOPLIST_KEY_UISupportedInterfaceOrientations_iPhone = "UIInterfaceOrientationPortrait UIInterfaceOrientationLandscapeLeft UIInterfaceOrientationLandscapeRight";
				IPHONEOS_DEPLOYMENT_TARGET = 18.0;
				LD_RUNPATH_SEARCH_PATHS = (
					"$(inherited)",
					"@executable_path/Frameworks",
				);
				MARKETING_VERSION = 1.0;
				PRODUCT_BUNDLE_IDENTIFIER = com.piboworld.app.iPibo;
				PRODUCT_NAME = "$(TARGET_NAME)";
				SDKROOT = iphoneos;
				STRING_CATALOG_GENERATE_SYMBOLS = NO;
				SWIFT_APPROACHABLE_CONCURRENCY = YES;
				SWIFT_DEFAULT_ACTOR_ISOLATION = MainActor;
				SWIFT_EMIT_LOC_STRINGS = YES;
				SWIFT_UPCOMING_FEATURE_MEMBER_IMPORT_VISIBILITY = YES;
				SWIFT_VERSION = 5.0;
				TARGETED_DEVICE_FAMILY = "1,2";
				VALIDATE_PRODUCT = YES;
			};
			name = Release;
		};
		A7F5C5402FC8832B0050C48C /* Debug */ = {
			isa = XCBuildConfiguration;
			buildSettings = {
				ASSETCATALOG_COMPILER_GLOBAL_ACCENT_COLOR_NAME = AccentColor;
				ASSETCATALOG_COMPILER_WIDGET_BACKGROUND_COLOR_NAME = WidgetBackground;
				CODE_SIGN_ENTITLEMENTS = PiboWidgets/PiboWidgetsExtension.entitlements;
				CODE_SIGN_STYLE = Automatic;
				CURRENT_PROJECT_VERSION = 4;
				DEVELOPMENT_TEAM = XD36G5SYYU;
				GENERATE_INFOPLIST_FILE = YES;
				INFOPLIST_FILE = PiboWidgets/Info.plist;
				INFOPLIST_KEY_CFBundleDisplayName = PiboWidgets;
				INFOPLIST_KEY_NSHumanReadableCopyright = "";
				IPHONEOS_DEPLOYMENT_TARGET = 18.6;
				LD_RUNPATH_SEARCH_PATHS = (
					"$(inherited)",
					"@executable_path/Frameworks",
					"@executable_path/../../Frameworks",
				);
				MARKETING_VERSION = 1.0;
				PRODUCT_BUNDLE_IDENTIFIER = com.piboworld.app.iPibo.PiboWidget;
				PRODUCT_NAME = "$(TARGET_NAME)";
				SDKROOT = iphoneos;
				SKIP_INSTALL = YES;
				STRING_CATALOG_GENERATE_SYMBOLS = YES;
				SWIFT_APPROACHABLE_CONCURRENCY = YES;
				SWIFT_EMIT_LOC_STRINGS = YES;
				SWIFT_UPCOMING_FEATURE_MEMBER_IMPORT_VISIBILITY = YES;
				SWIFT_VERSION = 5.0;
				TARGETED_DEVICE_FAMILY = "1,2";
			};
			name = Debug;
		};
		A7F5C5412FC8832B0050C48C /* Release */ = {
			isa = XCBuildConfiguration;
			buildSettings = {
				ASSETCATALOG_COMPILER_GLOBAL_ACCENT_COLOR_NAME = AccentColor;
				ASSETCATALOG_COMPILER_WIDGET_BACKGROUND_COLOR_NAME = WidgetBackground;
				CODE_SIGN_ENTITLEMENTS = PiboWidgets/PiboWidgetsExtension.entitlements;
				CODE_SIGN_STYLE = Automatic;
				CURRENT_PROJECT_VERSION = 4;
				DEVELOPMENT_TEAM = XD36G5SYYU;
				GENERATE_INFOPLIST_FILE = YES;
				INFOPLIST_FILE = PiboWidgets/Info.plist;
				INFOPLIST_KEY_CFBundleDisplayName = PiboWidgets;
				INFOPLIST_KEY_NSHumanReadableCopyright = "";
				IPHONEOS_DEPLOYMENT_TARGET = 18.6;
				LD_RUNPATH_SEARCH_PATHS = (
					"$(inherited)",
					"@executable_path/Frameworks",
					"@executable_path/../../Frameworks",
				);
				MARKETING_VERSION = 1.0;
				PRODUCT_BUNDLE_IDENTIFIER = com.piboworld.app.iPibo.PiboWidget;
				PRODUCT_NAME = "$(TARGET_NAME)";
				SDKROOT = iphoneos;
				SKIP_INSTALL = YES;
				STRING_CATALOG_GENERATE_SYMBOLS = YES;
				SWIFT_APPROACHABLE_CONCURRENCY = YES;
				SWIFT_EMIT_LOC_STRINGS = YES;
				SWIFT_UPCOMING_FEATURE_MEMBER_IMPORT_VISIBILITY = YES;
				SWIFT_VERSION = 5.0;
				TARGETED_DEVICE_FAMILY = "1,2";
				VALIDATE_PRODUCT = YES;
			};
			name = Release;
		};
		C0D100000000000000000007 /* Debug */ = {
			isa = XCBuildConfiguration;
			buildSettings = {
				BUNDLE_LOADER = "$(TEST_HOST)";
				CODE_SIGN_STYLE = Automatic;
				DEVELOPMENT_TEAM = XD36G5SYYU;
				GENERATE_INFOPLIST_FILE = YES;
				IPHONEOS_DEPLOYMENT_TARGET = 18.6;
				PRODUCT_BUNDLE_IDENTIFIER = fun.tiebao.co.PiboTests;
				PRODUCT_NAME = "$(TARGET_NAME)";
				SDKROOT = iphoneos;
				SWIFT_APPROACHABLE_CONCURRENCY = YES;
				SWIFT_DEFAULT_ACTOR_ISOLATION = MainActor;
				SWIFT_UPCOMING_FEATURE_MEMBER_IMPORT_VISIBILITY = YES;
				SWIFT_VERSION = 5.0;
				TARGETED_DEVICE_FAMILY = "1,2";
				TEST_HOST = "$(BUILT_PRODUCTS_DIR)/Pibo.app/$(BUNDLE_EXECUTABLE_FOLDER_PATH)/Pibo";
			};
			name = Debug;
		};
		C0D100000000000000000008 /* Release */ = {
			isa = XCBuildConfiguration;
			buildSettings = {
				BUNDLE_LOADER = "$(TEST_HOST)";
				CODE_SIGN_STYLE = Automatic;
				DEVELOPMENT_TEAM = XD36G5SYYU;
				GENERATE_INFOPLIST_FILE = YES;
				IPHONEOS_DEPLOYMENT_TARGET = 18.6;
				PRODUCT_BUNDLE_IDENTIFIER = fun.tiebao.co.PiboTests;
				PRODUCT_NAME = "$(TARGET_NAME)";
				SDKROOT = iphoneos;
				SWIFT_APPROACHABLE_CONCURRENCY = YES;
				SWIFT_DEFAULT_ACTOR_ISOLATION = MainActor;
				SWIFT_UPCOMING_FEATURE_MEMBER_IMPORT_VISIBILITY = YES;
				SWIFT_VERSION = 5.0;
				TARGETED_DEVICE_FAMILY = "1,2";
				TEST_HOST = "$(BUILT_PRODUCTS_DIR)/Pibo.app/$(BUNDLE_EXECUTABLE_FOLDER_PATH)/Pibo";
			};
			name = Release;
		};
/* End XCBuildConfiguration section */

/* Begin XCConfigurationList section */
		A7F3FD462F9B1F0100EA90A6 /* Build configuration list for PBXProject "Pibo" */ = {
			isa = XCConfigurationList;
			buildConfigurations = (
				A7F3FD632F9B1F0300EA90A6 /* Debug */,
				A7F3FD642F9B1F0300EA90A6 /* Release */,
			);
			defaultConfigurationIsVisible = 0;
			defaultConfigurationName = Release;
		};
		A7F3FD652F9B1F0300EA90A6 /* Build configuration list for PBXNativeTarget "Pibo Watch App" */ = {
			isa = XCConfigurationList;
			buildConfigurations = (
				A7F3FD662F9B1F0300EA90A6 /* Debug */,
				A7F3FD672F9B1F0300EA90A6 /* Release */,
			);
			defaultConfigurationIsVisible = 0;
			defaultConfigurationName = Release;
		};
		A7F3FD692F9B1F0300EA90A6 /* Build configuration list for PBXNativeTarget "Pibo" */ = {
			isa = XCConfigurationList;
			buildConfigurations = (
				A7F3FD6A2F9B1F0300EA90A6 /* Debug */,
				A7F3FD6B2F9B1F0300EA90A6 /* Release */,
			);
			defaultConfigurationIsVisible = 0;
			defaultConfigurationName = Release;
		};
		A7F5C5432FC8832B0050C48C /* Build configuration list for PBXNativeTarget "PiboWidgetsExtension" */ = {
			isa = XCConfigurationList;
			buildConfigurations = (
				A7F5C5402FC8832B0050C48C /* Debug */,
				A7F5C5412FC8832B0050C48C /* Release */,
			);
			defaultConfigurationIsVisible = 0;
			defaultConfigurationName = Release;
		};
		C0D100000000000000000009 /* Build configuration list for PBXNativeTarget "PiboTests" */ = {
			isa = XCConfigurationList;
			buildConfigurations = (
				C0D100000000000000000007 /* Debug */,
				C0D100000000000000000008 /* Release */,
			);
			defaultConfigurationIsVisible = 0;
			defaultConfigurationName = Release;
		};
/* End XCConfigurationList section */

/* Begin XCRemoteSwiftPackageReference section */
		A7DA5EEC2FD0000100000003 /* XCRemoteSwiftPackageReference "ds-swift-sdk" */ = {
			isa = XCRemoteSwiftPackageReference;
			repositoryURL = "https://github.com/all2prosperity/ds-swift-sdk.git";
			requirement = {
				kind = exactVersion;
				version = 0.1.0;
			};
		};
		B1C000000000000000000003 /* XCRemoteSwiftPackageReference "pibo-chess-sdk" */ = {
			isa = XCRemoteSwiftPackageReference;
			repositoryURL = "https://github.com/PiboWorld/pibo-chess-sdk.git";
			requirement = {
				kind = exactVersion;
				version = 0.1.1;
			};
		};
		D0C000000000000000000003 /* XCRemoteSwiftPackageReference "pibo-core" */ = {
			isa = XCRemoteSwiftPackageReference;
			repositoryURL = "git@github.com:PiboWorld/pibo-core.git";
			requirement = {
				kind = exactVersion;
				version = 0.5.3;
			};
		};
/* End XCRemoteSwiftPackageReference section */

/* Begin XCSwiftPackageProductDependency section */
		A7DA5EEC2FD0000100000002 /* DataSneaker */ = {
			isa = XCSwiftPackageProductDependency;
			package = A7DA5EEC2FD0000100000003 /* XCRemoteSwiftPackageReference "ds-swift-sdk" */;
			productName = DataSneaker;
		};
		B1C000000000000000000002 /* PiboChessUI */ = {
			isa = XCSwiftPackageProductDependency;
			package = B1C000000000000000000003 /* XCRemoteSwiftPackageReference "pibo-chess-sdk" */;
			productName = PiboChessUI;
		};
		D0C000000000000000000002 /* PiboCore */ = {
			isa = XCSwiftPackageProductDependency;
			package = D0C000000000000000000003 /* XCRemoteSwiftPackageReference "pibo-core" */;
			productName = PiboCore;
		};
/* End XCSwiftPackageProductDependency section */
	};
	rootObject = A7F3FD432F9B1F0100EA90A6 /* Project object */;
}
